
Microsoft Visual Studio Solution File, Format Version 12.00
# Visual Studio Version 17
VisualStudioVersion = 17.10.35201.131
MinimumVisualStudioVersion = 10.0.40219.1
Project("{FAE04EC0-301F-11D3-BF4B-00C04F79EFBC}") = "ColorMaker", "ColorMaker\ColorMaker.csproj", "{1F2AAD49-16C3-448C-976B-73563DBA627E}"
EndProject
Global
	GlobalSection(SolutionConfigurationPlatforms) = preSolution
		Debug|Any CPU = Debug|Any CPU
		Release|Any CPU = Release|Any CPU
	EndGlobalSection
	GlobalSection(ProjectConfigurationPlatforms) = postSolution
		{1F2AAD49-16C3-448C-976B-73563DBA627E}.Debug|Any CPU.ActiveCfg = Debug|Any CPU
		{1F2AAD49-16C3-448C-976B-73563DBA627E}.Debug|Any CPU.Build.0 = Debug|Any CPU
		{1F2AAD49-16C3-448C-976B-73563DBA627E}.Debug|Any CPU.Deploy.0 = Debug|Any CPU
		{1F2AAD49-16C3-448C-976B-73563DBA627E}.Release|Any CPU.ActiveCfg = Release|Any CPU
		{1F2AAD49-16C3-448C-976B-73563DBA627E}.Release|Any CPU.Build.0 = Release|Any CPU
		{1F2AAD49-16C3-448C-976B-73563DBA627E}.Release|Any CPU.Deploy.0 = Release|Any CPU
	EndGlobalSection
	GlobalSection(SolutionProperties) = preSolution
		HideSolutionNode = FALSE
	EndGlobalSection
	GlobalSection(ExtensibilityGlobals) = postSolution
		SolutionGuid = {48D3E255-51BA-4DA5-A6D2-56B3D0C82E93}
	EndGlobalSection
EndGlobal
